// !$*UTF8*$!
{
	archiveVersion = 1;
	classes = {
	};
	objectVersion = 46;
	objects = {

/* Begin PBXBuildFile section */
		371015D319F56D6800189804 /* Localizable.strings in Resources */ = {isa = PBXBuildFile; fileRef = 371015D519F56D6800189804 /* Localizable.strings */; };
		37130E6F19F2F7C6005C5089 /* SwiftyJSON.swift in Sources */ = {isa = PBXBuildFile; fileRef = 37130E6E19F2F7C6005C5089 /* SwiftyJSON.swift */; };
		37130E7219F30093005C5089 /* UserHomeViewController.swift in Sources */ = {isa = PBXBuildFile; fileRef = 37130E7119F30093005C5089 /* UserHomeViewController.swift */; };
		37130E7419F307B7005C5089 /* CurrentUser.swift in Sources */ = {isa = PBXBuildFile; fileRef = 37130E7319F307B7005C5089 /* CurrentUser.swift */; };
		3736044119F2A10C009DAF80 /* Service.swift in Sources */ = {isa = PBXBuildFile; fileRef = 3736044019F2A10C009DAF80 /* Service.swift */; };
		3736044419F2A1A1009DAF80 /* Environment.swift in Sources */ = {isa = PBXBuildFile; fileRef = 3736044319F2A1A1009DAF80 /* Environment.swift */; };
		3736044619F2A48B009DAF80 /* AuthentificationService.swift in Sources */ = {isa = PBXBuildFile; fileRef = 3736044519F2A48B009DAF80 /* AuthentificationService.swift */; };
		3736044819F2A8ED009DAF80 /* LoginViewController.swift in Sources */ = {isa = PBXBuildFile; fileRef = 3736044719F2A8ED009DAF80 /* LoginViewController.swift */; };
		3736044A19F2B0B1009DAF80 /* RegisterViewController.swift in Sources */ = {isa = PBXBuildFile; fileRef = 3736044919F2B0B1009DAF80 /* RegisterViewController.swift */; };
		3736044D19F2B679009DAF80 /* User.swift in Sources */ = {isa = PBXBuildFile; fileRef = 3736044C19F2B679009DAF80 /* User.swift */; };
		3736044F19F2B6A1009DAF80 /* FormValidator.swift in Sources */ = {isa = PBXBuildFile; fileRef = 3736044E19F2B6A1009DAF80 /* FormValidator.swift */; };
		37B8FBFA19F285D700BA56B3 /* AppDelegate.swift in Sources */ = {isa = PBXBuildFile; fileRef = 37B8FBF919F285D700BA56B3 /* AppDelegate.swift */; };
		37B8FBFC19F285D700BA56B3 /* HomeViewController.swift in Sources */ = {isa = PBXBuildFile; fileRef = 37B8FBFB19F285D700BA56B3 /* HomeViewController.swift */; };
		37B8FBFF19F285D700BA56B3 /* Main.storyboard in Resources */ = {isa = PBXBuildFile; fileRef = 37B8FBFD19F285D700BA56B3 /* Main.storyboard */; };
		37B8FC0119F285D700BA56B3 /* Images.xcassets in Resources */ = {isa = PBXBuildFile; fileRef = 37B8FC0019F285D700BA56B3 /* Images.xcassets */; };
		37B8FC0419F285D700BA56B3 /* LaunchScreen.xib in Resources */ = {isa = PBXBuildFile; fileRef = 37B8FC0219F285D700BA56B3 /* LaunchScreen.xib */; };
		37B8FC1019F285D700BA56B3 /* BahOuaisMorrayTests.swift in Sources */ = {isa = PBXBuildFile; fileRef = 37B8FC0F19F285D700BA56B3 /* BahOuaisMorrayTests.swift */; };
		37ED7C7819F29E1B00ABB22C /* Context.swift in Sources */ = {isa = PBXBuildFile; fileRef = 37ED7C7719F29E1B00ABB22C /* Context.swift */; };
		E37CE8E2D4C260B8C1604C8C /* libPods.a in Frameworks */ = {isa = PBXBuildFile; fileRef = AA27A2BAF6D6FC0B304613E8 /* libPods.a */; };
/* End PBXBuildFile section */

/* Begin PBXContainerItemProxy section */
		3704F77B19F2DB5A00B38F13 /* PBXContainerItemProxy */ = {
			isa = PBXContainerItemProxy;
			containerPortal = 3704F77619F2DB5900B38F13 /* Alamofire.xcodeproj */;
			proxyType = 2;
			remoteGlobalIDString = F8111E3319A95C8B0040E7D1;
			remoteInfo = Alamofire;
		};
		3704F77D19F2DB5A00B38F13 /* PBXContainerItemProxy */ = {
			isa = PBXContainerItemProxy;
			containerPortal = 3704F77619F2DB5900B38F13 /* Alamofire.xcodeproj */;
			proxyType = 2;
			remoteGlobalIDString = F8111E3E19A95C8B0040E7D1;
			remoteInfo = AlamofireTests;
		};
		3704F77F19F2DBAC00B38F13 /* PBXContainerItemProxy */ = {
			isa = PBXContainerItemProxy;
			containerPortal = 3704F77619F2DB5900B38F13 /* Alamofire.xcodeproj */;
			proxyType = 1;
			remoteGlobalIDString = F8111E3219A95C8B0040E7D1;
			remoteInfo = Alamofire;
		};
		37B8FC0A19F285D700BA56B3 /* PBXContainerItemProxy */ = {
			isa = PBXContainerItemProxy;
			containerPortal = 37B8FBEC19F285D600BA56B3 /* Project object */;
			proxyType = 1;
			remoteGlobalIDString = 37B8FBF319F285D600BA56B3;
			remoteInfo = BahOuaisMorray;
		};
/* End PBXContainerItemProxy section */

/* Begin PBXFileReference section */
		3704F77619F2DB5900B38F13 /* Alamofire.xcodeproj */ = {isa = PBXFileReference; lastKnownFileType = "wrapper.pb-project"; name = Alamofire.xcodeproj; path = Alamofire/Alamofire.xcodeproj; sourceTree = "<group>"; };
		371015CF19F544A400189804 /* sandbox.playground */ = {isa = PBXFileReference; lastKnownFileType = file.playground; path = sandbox.playground; sourceTree = "<group>"; };
		371015D419F56D6800189804 /* Base */ = {isa = PBXFileReference; lastKnownFileType = text.plist.strings; name = Base; path = Base.lproj/Localizable.strings; sourceTree = "<group>"; };
		371015D619F56E6E00189804 /* en */ = {isa = PBXFileReference; lastKnownFileType = text.plist.strings; name = en; path = en.lproj/Localizable.strings; sourceTree = "<group>"; };
		37130E6E19F2F7C6005C5089 /* SwiftyJSON.swift */ = {isa = PBXFileReference; fileEncoding = 4; lastKnownFileType = sourcecode.swift; path = SwiftyJSON.swift; sourceTree = "<group>"; };
		37130E7119F30093005C5089 /* UserHomeViewController.swift */ = {isa = PBXFileReference; fileEncoding = 4; lastKnownFileType = sourcecode.swift; path = UserHomeViewController.swift; sourceTree = "<group>"; };
		37130E7319F307B7005C5089 /* CurrentUser.swift */ = {isa = PBXFileReference; fileEncoding = 4; lastKnownFileType = sourcecode.swift; path = CurrentUser.swift; sourceTree = "<group>"; };
		3736043C19F29FCC009DAF80 /* BahOuaisMorray-Bridging-Header.h */ = {isa = PBXFileReference; lastKnownFileType = sourcecode.c.h; path = "BahOuaisMorray-Bridging-Header.h"; sourceTree = "<group>"; };
		3736044019F2A10C009DAF80 /* Service.swift */ = {isa = PBXFileReference; fileEncoding = 4; lastKnownFileType = sourcecode.swift; path = Service.swift; sourceTree = "<group>"; };
		3736044319F2A1A1009DAF80 /* Environment.swift */ = {isa = PBXFileReference; fileEncoding = 4; lastKnownFileType = sourcecode.swift; path = Environment.swift; sourceTree = "<group>"; };
		3736044519F2A48B009DAF80 /* AuthentificationService.swift */ = {isa = PBXFileReference; fileEncoding = 4; lastKnownFileType = sourcecode.swift; path = AuthentificationService.swift; sourceTree = "<group>"; };
		3736044719F2A8ED009DAF80 /* LoginViewController.swift */ = {isa = PBXFileReference; fileEncoding = 4; lastKnownFileType = sourcecode.swift; path = LoginViewController.swift; sourceTree = "<group>"; };
		3736044919F2B0B1009DAF80 /* RegisterViewController.swift */ = {isa = PBXFileReference; fileEncoding = 4; lastKnownFileType = sourcecode.swift; path = RegisterViewController.swift; sourceTree = "<group>"; };
		3736044C19F2B679009DAF80 /* User.swift */ = {isa = PBXFileReference; fileEncoding = 4; lastKnownFileType = sourcecode.swift; path = User.swift; sourceTree = "<group>"; };
		3736044E19F2B6A1009DAF80 /* FormValidator.swift */ = {isa = PBXFileReference; fileEncoding = 4; lastKnownFileType = sourcecode.swift; path = FormValidator.swift; sourceTree = "<group>"; };
		37B8FBF419F285D600BA56B3 /* BahOuaisMorray.app */ = {isa = PBXFileReference; explicitFileType = wrapper.application; includeInIndex = 0; path = BahOuaisMorray.app; sourceTree = BUILT_PRODUCTS_DIR; };
		37B8FBF819F285D700BA56B3 /* Info.plist */ = {isa = PBXFileReference; lastKnownFileType = text.plist.xml; path = Info.plist; sourceTree = "<group>"; };
		37B8FBF919F285D700BA56B3 /* AppDelegate.swift */ = {isa = PBXFileReference; lastKnownFileType = sourcecode.swift; path = AppDelegate.swift; sourceTree = "<group>"; };
		37B8FBFB19F285D700BA56B3 /* HomeViewController.swift */ = {isa = PBXFileReference; lastKnownFileType = sourcecode.swift; name = HomeViewController.swift; path = ../HomeViewController.swift; sourceTree = "<group>"; };
		37B8FBFE19F285D700BA56B3 /* Base */ = {isa = PBXFileReference; lastKnownFileType = file.storyboard; name = Base; path = Base.lproj/Main.storyboard; sourceTree = "<group>"; };
		37B8FC0019F285D700BA56B3 /* Images.xcassets */ = {isa = PBXFileReference; lastKnownFileType = folder.assetcatalog; path = Images.xcassets; sourceTree = "<group>"; };
		37B8FC0319F285D700BA56B3 /* Base */ = {isa = PBXFileReference; lastKnownFileType = file.xib; name = Base; path = Base.lproj/LaunchScreen.xib; sourceTree = "<group>"; };
		37B8FC0919F285D700BA56B3 /* BahOuaisMorrayTests.xctest */ = {isa = PBXFileReference; explicitFileType = wrapper.cfbundle; includeInIndex = 0; path = BahOuaisMorrayTests.xctest; sourceTree = BUILT_PRODUCTS_DIR; };
		37B8FC0E19F285D700BA56B3 /* Info.plist */ = {isa = PBXFileReference; lastKnownFileType = text.plist.xml; path = Info.plist; sourceTree = "<group>"; };
		37B8FC0F19F285D700BA56B3 /* BahOuaisMorrayTests.swift */ = {isa = PBXFileReference; lastKnownFileType = sourcecode.swift; path = BahOuaisMorrayTests.swift; sourceTree = "<group>"; };
		37ED7C7719F29E1B00ABB22C /* Context.swift */ = {isa = PBXFileReference; fileEncoding = 4; lastKnownFileType = sourcecode.swift; name = Context.swift; path = ../Context.swift; sourceTree = "<group>"; };
		424D5F8D0F0DC8D7BBFCF511 /* Pods.debug.xcconfig */ = {isa = PBXFileReference; includeInIndex = 1; lastKnownFileType = text.xcconfig; name = Pods.debug.xcconfig; path = "Pods/Target Support Files/Pods/Pods.debug.xcconfig"; sourceTree = "<group>"; };
		96D9DCF06E9CC39EC6B72502 /* Pods.release.xcconfig */ = {isa = PBXFileReference; includeInIndex = 1; lastKnownFileType = text.xcconfig; name = Pods.release.xcconfig; path = "Pods/Target Support Files/Pods/Pods.release.xcconfig"; sourceTree = "<group>"; };
		AA27A2BAF6D6FC0B304613E8 /* libPods.a */ = {isa = PBXFileReference; explicitFileType = archive.ar; includeInIndex = 0; path = libPods.a; sourceTree = BUILT_PRODUCTS_DIR; };
/* End PBXFileReference section */

/* Begin PBXFrameworksBuildPhase section */
		37B8FBF119F285D600BA56B3 /* Frameworks */ = {
			isa = PBXFrameworksBuildPhase;
			buildActionMask = 2147483647;
			files = (
				E37CE8E2D4C260B8C1604C8C /* libPods.a in Frameworks */,
			);
			runOnlyForDeploymentPostprocessing = 0;
		};
		37B8FC0619F285D700BA56B3 /* Frameworks */ = {
			isa = PBXFrameworksBuildPhase;
			buildActionMask = 2147483647;
			files = (
			);
			runOnlyForDeploymentPostprocessing = 0;
		};
/* End PBXFrameworksBuildPhase section */

/* Begin PBXGroup section */
		3704F77719F2DB5900B38F13 /* Products */ = {
			isa = PBXGroup;
			children = (
				3704F77C19F2DB5A00B38F13 /* Alamofire.framework */,
				3704F77E19F2DB5A00B38F13 /* AlamofireTests.xctest */,
			);
			name = Products;
			sourceTree = "<group>";
		};
		3736043F19F2A0F0009DAF80 /* Services */ = {
			isa = PBXGroup;
			children = (
				3736044019F2A10C009DAF80 /* Service.swift */,
				3736044519F2A48B009DAF80 /* AuthentificationService.swift */,
			);
			path = Services;
			sourceTree = "<group>";
		};
		3736044219F2A18D009DAF80 /* Utils */ = {
			isa = PBXGroup;
			children = (
				37ED7C7719F29E1B00ABB22C /* Context.swift */,
				3736044319F2A1A1009DAF80 /* Environment.swift */,
			);
			path = Utils;
			sourceTree = "<group>";
		};
		3736044B19F2B64E009DAF80 /* Models */ = {
			isa = PBXGroup;
			children = (
				3736044C19F2B679009DAF80 /* User.swift */,
				37130E7319F307B7005C5089 /* CurrentUser.swift */,
			);
			path = Models;
			sourceTree = "<group>";
		};
		37B8FBEB19F285D600BA56B3 = {
			isa = PBXGroup;
			children = (
				371015CF19F544A400189804 /* sandbox.playground */,
				37B8FBF619F285D600BA56B3 /* BahOuaisMorray */,
				37B8FC0C19F285D700BA56B3 /* BahOuaisMorrayTests */,
				37B8FBF519F285D600BA56B3 /* Products */,
				3809BEE1E651209A06D659E2 /* Pods */,
				A88DCEF6A9BFC82FBBE52454 /* Frameworks */,
			);
			sourceTree = "<group>";
		};
		37B8FBF519F285D600BA56B3 /* Products */ = {
			isa = PBXGroup;
			children = (
				37B8FBF419F285D600BA56B3 /* BahOuaisMorray.app */,
				37B8FC0919F285D700BA56B3 /* BahOuaisMorrayTests.xctest */,
			);
			name = Products;
			sourceTree = "<group>";
		};
		37B8FBF619F285D600BA56B3 /* BahOuaisMorray */ = {
			isa = PBXGroup;
			children = (
				371015D519F56D6800189804 /* Localizable.strings */,
				3736044B19F2B64E009DAF80 /* Models */,
				3736043F19F2A0F0009DAF80 /* Services */,
				3736044219F2A18D009DAF80 /* Utils */,
				37ED7C7619F29DEE00ABB22C /* ViewControllers */,
				37B8FBF919F285D700BA56B3 /* AppDelegate.swift */,
				37B8FBFD19F285D700BA56B3 /* Main.storyboard */,
				37B8FC0019F285D700BA56B3 /* Images.xcassets */,
				37B8FC0219F285D700BA56B3 /* LaunchScreen.xib */,
				37B8FBF719F285D600BA56B3 /* Supporting Files */,
				3736043C19F29FCC009DAF80 /* BahOuaisMorray-Bridging-Header.h */,
				3736044E19F2B6A1009DAF80 /* FormValidator.swift */,
			);
			path = BahOuaisMorray;
			sourceTree = "<group>";
		};
		37B8FBF719F285D600BA56B3 /* Supporting Files */ = {
			isa = PBXGroup;
			children = (
				37B8FBF819F285D700BA56B3 /* Info.plist */,
			);
			name = "Supporting Files";
			sourceTree = "<group>";
		};
		37B8FC0C19F285D700BA56B3 /* BahOuaisMorrayTests */ = {
			isa = PBXGroup;
			children = (
				37B8FC0F19F285D700BA56B3 /* BahOuaisMorrayTests.swift */,
				37B8FC0D19F285D700BA56B3 /* Supporting Files */,
			);
			path = BahOuaisMorrayTests;
			sourceTree = "<group>";
		};
		37B8FC0D19F285D700BA56B3 /* Supporting Files */ = {
			isa = PBXGroup;
			children = (
				37B8FC0E19F285D700BA56B3 /* Info.plist */,
			);
			name = "Supporting Files";
			sourceTree = "<group>";
		};
		37ED7C7619F29DEE00ABB22C /* ViewControllers */ = {
			isa = PBXGroup;
			children = (
				37B8FBFB19F285D700BA56B3 /* HomeViewController.swift */,
				3736044719F2A8ED009DAF80 /* LoginViewController.swift */,
				3736044919F2B0B1009DAF80 /* RegisterViewController.swift */,
				37130E7119F30093005C5089 /* UserHomeViewController.swift */,
			);
			path = ViewControllers;
			sourceTree = "<group>";
		};
		3809BEE1E651209A06D659E2 /* Pods */ = {
			isa = PBXGroup;
			children = (
				424D5F8D0F0DC8D7BBFCF511 /* Pods.debug.xcconfig */,
				96D9DCF06E9CC39EC6B72502 /* Pods.release.xcconfig */,
			);
			name = Pods;
			sourceTree = "<group>";
		};
		A88DCEF6A9BFC82FBBE52454 /* Frameworks */ = {
			isa = PBXGroup;
			children = (
				3704F77619F2DB5900B38F13 /* Alamofire.xcodeproj */,
				AA27A2BAF6D6FC0B304613E8 /* libPods.a */,
				37130E6E19F2F7C6005C5089 /* SwiftyJSON.swift */,
			);
			name = Frameworks;
			sourceTree = "<group>";
		};
/* End PBXGroup section */

/* Begin PBXNativeTarget section */
		37B8FBF319F285D600BA56B3 /* BahOuaisMorray */ = {
			isa = PBXNativeTarget;
			buildConfigurationList = 37B8FC1319F285D700BA56B3 /* Build configuration list for PBXNativeTarget "BahOuaisMorray" */;
			buildPhases = (
				8CAF1E62D21ED7100DCA08F2 /* Check Pods Manifest.lock */,
				37B8FBF019F285D600BA56B3 /* Sources */,
				37B8FBF119F285D600BA56B3 /* Frameworks */,
				37B8FBF219F285D600BA56B3 /* Resources */,
				B77E926F9E577AB8098E3F4F /* Copy Pods Resources */,
			);
			buildRules = (
			);
			dependencies = (
				3704F78019F2DBAC00B38F13 /* PBXTargetDependency */,
			);
			name = BahOuaisMorray;
			productName = BahOuaisMorray;
			productReference = 37B8FBF419F285D600BA56B3 /* BahOuaisMorray.app */;
			productType = "com.apple.product-type.application";
		};
		37B8FC0819F285D700BA56B3 /* BahOuaisMorrayTests */ = {
			isa = PBXNativeTarget;
			buildConfigurationList = 37B8FC1619F285D700BA56B3 /* Build configuration list for PBXNativeTarget "BahOuaisMorrayTests" */;
			buildPhases = (
				37B8FC0519F285D700BA56B3 /* Sources */,
				37B8FC0619F285D700BA56B3 /* Frameworks */,
				37B8FC0719F285D700BA56B3 /* Resources */,
			);
			buildRules = (
			);
			dependencies = (
				37B8FC0B19F285D700BA56B3 /* PBXTargetDependency */,
			);
			name = BahOuaisMorrayTests;
			productName = BahOuaisMorrayTests;
			productReference = 37B8FC0919F285D700BA56B3 /* BahOuaisMorrayTests.xctest */;
			productType = "com.apple.product-type.bundle.unit-test";
		};
/* End PBXNativeTarget section */

/* Begin PBXProject section */
		37B8FBEC19F285D600BA56B3 /* Project object */ = {
			isa = PBXProject;
			attributes = {
				LastUpgradeCheck = 0600;
				ORGANIZATIONNAME = "Nicolas Besnard";
				TargetAttributes = {
					37B8FBF319F285D600BA56B3 = {
						CreatedOnToolsVersion = 6.0.1;
					};
					37B8FC0819F285D700BA56B3 = {
						CreatedOnToolsVersion = 6.0.1;
						TestTargetID = 37B8FBF319F285D600BA56B3;
					};
				};
			};
			buildConfigurationList = 37B8FBEF19F285D600BA56B3 /* Build configuration list for PBXProject "BahOuaisMorray" */;
			compatibilityVersion = "Xcode 3.2";
			developmentRegion = English;
			hasScannedForEncodings = 0;
			knownRegions = (
				en,
				Base,
			);
			mainGroup = 37B8FBEB19F285D600BA56B3;
			productRefGroup = 37B8FBF519F285D600BA56B3 /* Products */;
			projectDirPath = "";
			projectReferences = (
				{
					ProductGroup = 3704F77719F2DB5900B38F13 /* Products */;
					ProjectRef = 3704F77619F2DB5900B38F13 /* Alamofire.xcodeproj */;
				},
			);
			projectRoot = "";
			targets = (
				37B8FBF319F285D600BA56B3 /* BahOuaisMorray */,
				37B8FC0819F285D700BA56B3 /* BahOuaisMorrayTests */,
			);
		};
/* End PBXProject section */

/* Begin PBXReferenceProxy section */
		3704F77C19F2DB5A00B38F13 /* Alamofire.framework */ = {
			isa = PBXReferenceProxy;
			fileType = wrapper.framework;
			path = Alamofire.framework;
			remoteRef = 3704F77B19F2DB5A00B38F13 /* PBXContainerItemProxy */;
			sourceTree = BUILT_PRODUCTS_DIR;
		};
		3704F77E19F2DB5A00B38F13 /* AlamofireTests.xctest */ = {
			isa = PBXReferenceProxy;
			fileType = wrapper.cfbundle;
			path = AlamofireTests.xctest;
			remoteRef = 3704F77D19F2DB5A00B38F13 /* PBXContainerItemProxy */;
			sourceTree = BUILT_PRODUCTS_DIR;
		};
/* End PBXReferenceProxy section */

/* Begin PBXResourcesBuildPhase section */
		37B8FBF219F285D600BA56B3 /* Resources */ = {
			isa = PBXResourcesBuildPhase;
			buildActionMask = 2147483647;
			files = (
				37B8FBFF19F285D700BA56B3 /* Main.storyboard in Resources */,
				37B8FC0419F285D700BA56B3 /* LaunchScreen.xib in Resources */,
				371015D319F56D6800189804 /* Localizable.strings in Resources */,
				37B8FC0119F285D700BA56B3 /* Images.xcassets in Resources */,
			);
			runOnlyForDeploymentPostprocessing = 0;
		};
		37B8FC0719F285D700BA56B3 /* Resources */ = {
			isa = PBXResourcesBuildPhase;
			buildActionMask = 2147483647;
			files = (
			);
			runOnlyForDeploymentPostprocessing = 0;
		};
/* End PBXResourcesBuildPhase section */

/* Begin PBXShellScriptBuildPhase section */
		8CAF1E62D21ED7100DCA08F2 /* Check Pods Manifest.lock */ = {
			isa = PBXShellScriptBuildPhase;
			buildActionMask = 2147483647;
			files = (
			);
			inputPaths = (
			);
			name = "Check Pods Manifest.lock";
			outputPaths = (
			);
			runOnlyForDeploymentPostprocessing = 0;
			shellPath = /bin/sh;
			shellScript = "diff \"${PODS_ROOT}/../Podfile.lock\" \"${PODS_ROOT}/Manifest.lock\" > /dev/null\nif [[ $? != 0 ]] ; then\n    cat << EOM\nerror: The sandbox is not in sync with the Podfile.lock. Run 'pod install' or update your CocoaPods installation.\nEOM\n    exit 1\nfi\n";
			showEnvVarsInLog = 0;
		};
		B77E926F9E577AB8098E3F4F /* Copy Pods Resources */ = {
			isa = PBXShellScriptBuildPhase;
			buildActionMask = 2147483647;
			files = (
			);
			inputPaths = (
			);
			name = "Copy Pods Resources";
			outputPaths = (
			);
			runOnlyForDeploymentPostprocessing = 0;
			shellPath = /bin/sh;
			shellScript = "\"${SRCROOT}/Pods/Target Support Files/Pods/Pods-resources.sh\"\n";
			showEnvVarsInLog = 0;
		};
/* End PBXShellScriptBuildPhase section */

/* Begin PBXSourcesBuildPhase section */
		37B8FBF019F285D600BA56B3 /* Sources */ = {
			isa = PBXSourcesBuildPhase;
			buildActionMask = 2147483647;
			files = (
				3736044F19F2B6A1009DAF80 /* FormValidator.swift in Sources */,
				3736044819F2A8ED009DAF80 /* LoginViewController.swift in Sources */,
				37ED7C7819F29E1B00ABB22C /* Context.swift in Sources */,
				37130E6F19F2F7C6005C5089 /* SwiftyJSON.swift in Sources */,
				3736044619F2A48B009DAF80 /* AuthentificationService.swift in Sources */,
				3736044A19F2B0B1009DAF80 /* RegisterViewController.swift in Sources */,
				37130E7219F30093005C5089 /* UserHomeViewController.swift in Sources */,
				3736044119F2A10C009DAF80 /* Service.swift in Sources */,
				3736044D19F2B679009DAF80 /* User.swift in Sources */,
				37B8FBFC19F285D700BA56B3 /* HomeViewController.swift in Sources */,
				37B8FBFA19F285D700BA56B3 /* AppDelegate.swift in Sources */,
				3736044419F2A1A1009DAF80 /* Environment.swift in Sources */,
				37130E7419F307B7005C5089 /* CurrentUser.swift in Sources */,
			);
			runOnlyForDeploymentPostprocessing = 0;
		};
		37B8FC0519F285D700BA56B3 /* Sources */ = {
			isa = PBXSourcesBuildPhase;
			buildActionMask = 2147483647;
			files = (
				37B8FC1019F285D700BA56B3 /* BahOuaisMorrayTests.swift in Sources */,
			);
			runOnlyForDeploymentPostprocessing = 0;
		};
/* End PBXSourcesBuildPhase section */

/* Begin PBXTargetDependency section */
		3704F78019F2DBAC00B38F13 /* PBXTargetDependency */ = {
			isa = PBXTargetDependency;
			name = Alamofire;
			targetProxy = 3704F77F19F2DBAC00B38F13 /* PBXContainerItemProxy */;
		};
		37B8FC0B19F285D700BA56B3 /* PBXTargetDependency */ = {
			isa = PBXTargetDependency;
			target = 37B8FBF319F285D600BA56B3 /* BahOuaisMorray */;
			targetProxy = 37B8FC0A19F285D700BA56B3 /* PBXContainerItemProxy */;
		};
/* End PBXTargetDependency section */

/* Begin PBXVariantGroup section */
		371015D519F56D6800189804 /* Localizable.strings */ = {
			isa = PBXVariantGroup;
			children = (
				371015D419F56D6800189804 /* Base */,
				371015D619F56E6E00189804 /* en */,
			);
			name = Localizable.strings;
			path = BahOuaisMorray;
			sourceTree = SOURCE_ROOT;
		};
		37B8FBFD19F285D700BA56B3 /* Main.storyboard */ = {
			isa = PBXVariantGroup;
			children = (
				37B8FBFE19F285D700BA56B3 /* Base */,
			);
			name = Main.storyboard;
			sourceTree = "<group>";
		};
		37B8FC0219F285D700BA56B3 /* LaunchScreen.xib */ = {
			isa = PBXVariantGroup;
			children = (
				37B8FC0319F285D700BA56B3 /* Base */,
			);
			name = LaunchScreen.xib;
			sourceTree = "<group>";
		};
/* End PBXVariantGroup section */

/* Begin XCBuildConfiguration section */
		37B8FC1119F285D700BA56B3 /* Debug */ = {
			isa = XCBuildConfiguration;
			baseConfigurationReference = 424D5F8D0F0DC8D7BBFCF511 /* Pods.debug.xcconfig */;
			buildSettings = {
				ALWAYS_SEARCH_USER_PATHS = NO;
				CLANG_CXX_LANGUAGE_STANDARD = "gnu++0x";
				CLANG_CXX_LIBRARY = "libc++";
				CLANG_ENABLE_MODULES = YES;
				CLANG_ENABLE_OBJC_ARC = YES;
				CLANG_WARN_BOOL_CONVERSION = YES;
				CLANG_WARN_CONSTANT_CONVERSION = YES;
				CLANG_WARN_DIRECT_OBJC_ISA_USAGE = YES_ERROR;
				CLANG_WARN_EMPTY_BODY = YES;
				CLANG_WARN_ENUM_CONVERSION = YES;
				CLANG_WARN_INT_CONVERSION = YES;
				CLANG_WARN_OBJC_ROOT_CLASS = YES_ERROR;
				CLANG_WARN_UNREACHABLE_CODE = YES;
				CLANG_WARN__DUPLICATE_METHOD_MATCH = YES;
				"CODE_SIGN_IDENTITY[sdk=iphoneos*]" = "iPhone Developer";
				COPY_PHASE_STRIP = NO;
				ENABLE_STRICT_OBJC_MSGSEND = YES;
				GCC_C_LANGUAGE_STANDARD = gnu99;
				GCC_DYNAMIC_NO_PIC = NO;
				GCC_OPTIMIZATION_LEVEL = 0;
				GCC_PREPROCESSOR_DEFINITIONS = (
					"DEBUG=1",
					"$(inherited)",
				);
				GCC_SYMBOLS_PRIVATE_EXTERN = NO;
				GCC_WARN_64_TO_32_BIT_CONVERSION = YES;
				GCC_WARN_ABOUT_RETURN_TYPE = YES_ERROR;
				GCC_WARN_UNDECLARED_SELECTOR = YES;
				GCC_WARN_UNINITIALIZED_AUTOS = YES_AGGRESSIVE;
				GCC_WARN_UNUSED_FUNCTION = YES;
				GCC_WARN_UNUSED_VARIABLE = YES;
				IPHONEOS_DEPLOYMENT_TARGET = 8.0;
				MTL_ENABLE_DEBUG_INFO = YES;
				ONLY_ACTIVE_ARCH = YES;
				SDKROOT = iphoneos;
				SWIFT_OPTIMIZATION_LEVEL = "-Onone";
			};
			name = Debug;
		};
		37B8FC1219F285D700BA56B3 /* Release */ = {
			isa = XCBuildConfiguration;
			buildSettings = {
				ALWAYS_SEARCH_USER_PATHS = NO;
				CLANG_CXX_LANGUAGE_STANDARD = "gnu++0x";
				CLANG_CXX_LIBRARY = "libc++";
				CLANG_ENABLE_MODULES = YES;
				CLANG_ENABLE_OBJC_ARC = YES;
				CLANG_WARN_BOOL_CONVERSION = YES;
				CLANG_WARN_CONSTANT_CONVERSION = YES;
				CLANG_WARN_DIRECT_OBJC_ISA_USAGE = YES_ERROR;
				CLANG_WARN_EMPTY_BODY = YES;
				CLANG_WARN_ENUM_CONVERSION = YES;
				CLANG_WARN_INT_CONVERSION = YES;
				CLANG_WARN_OBJC_ROOT_CLASS = YES_ERROR;
				CLANG_WARN_UNREACHABLE_CODE = YES;
				CLANG_WARN__DUPLICATE_METHOD_MATCH = YES;
				"CODE_SIGN_IDENTITY[sdk=iphoneos*]" = "iPhone Developer";
				COPY_PHASE_STRIP = YES;
				ENABLE_NS_ASSERTIONS = NO;
				ENABLE_STRICT_OBJC_MSGSEND = YES;
				GCC_C_LANGUAGE_STANDARD = gnu99;
				GCC_WARN_64_TO_32_BIT_CONVERSION = YES;
				GCC_WARN_ABOUT_RETURN_TYPE = YES_ERROR;
				GCC_WARN_UNDECLARED_SELECTOR = YES;
				GCC_WARN_UNINITIALIZED_AUTOS = YES_AGGRESSIVE;
				GCC_WARN_UNUSED_FUNCTION = YES;
				GCC_WARN_UNUSED_VARIABLE = YES;
				IPHONEOS_DEPLOYMENT_TARGET = 8.0;
				MTL_ENABLE_DEBUG_INFO = NO;
				SDKROOT = iphoneos;
				VALIDATE_PRODUCT = YES;
			};
			name = Release;
		};
		37B8FC1419F285D700BA56B3 /* Debug */ = {
			isa = XCBuildConfiguration;
			baseConfigurationReference = 424D5F8D0F0DC8D7BBFCF511 /* Pods.debug.xcconfig */;
			buildSettings = {
				ASSETCATALOG_COMPILER_APPICON_NAME = AppIcon;
				CLANG_ENABLE_MODULES = YES;
				INFOPLIST_FILE = BahOuaisMorray/Info.plist;
				LD_RUNPATH_SEARCH_PATHS = "$(inherited) @executable_path/Frameworks";
				PRODUCT_NAME = "$(TARGET_NAME)";
				SWIFT_OBJC_BRIDGING_HEADER = "BahOuaisMorray/BahOuaisMorray-Bridging-Header.h";
				SWIFT_OPTIMIZATION_LEVEL = "-Onone";
			};
			name = Debug;
		};
		37B8FC1519F285D700BA56B3 /* Release */ = {
			isa = XCBuildConfiguration;
			baseConfigurationReference = 96D9DCF06E9CC39EC6B72502 /* Pods.release.xcconfig */;
			buildSettings = {
				ASSETCATALOG_COMPILER_APPICON_NAME = AppIcon;
				CLANG_ENABLE_MODULES = YES;
				INFOPLIST_FILE = BahOuaisMorray/Info.plist;
				LD_RUNPATH_SEARCH_PATHS = "$(inherited) @executable_path/Frameworks";
				PRODUCT_NAME = "$(TARGET_NAME)";
				SWIFT_OBJC_BRIDGING_HEADER = "BahOuaisMorray/BahOuaisMorray-Bridging-Header.h";
			};
			name = Release;
		};
		37B8FC1719F285D700BA56B3 /* Debug */ = {
			isa = XCBuildConfiguration;
			buildSettings = {
				BUNDLE_LOADER = "$(TEST_HOST)";
				FRAMEWORK_SEARCH_PATHS = (
					"$(SDKROOT)/Developer/Library/Frameworks",
					"$(inherited)",
				);
				GCC_PREPROCESSOR_DEFINITIONS = (
					"DEBUG=1",
					"$(inherited)",
				);
				INFOPLIST_FILE = BahOuaisMorrayTests/Info.plist;
				LD_RUNPATH_SEARCH_PATHS = "$(inherited) @executable_path/Frameworks @loader_path/Frameworks";
				PRODUCT_NAME = "$(TARGET_NAME)";
				TEST_HOST = "$(BUILT_PRODUCTS_DIR)/BahOuaisMorray.app/BahOuaisMorray";
			};
			name = Debug;
		};
		37B8FC1819F285D700BA56B3 /* Release */ = {
			isa = XCBuildConfiguration;
			buildSettings = {
				BUNDLE_LOADER = "$(TEST_HOST)";
				FRAMEWORK_SEARCH_PATHS = (
					"$(SDKROOT)/Developer/Library/Frameworks",
					"$(inherited)",
				);
				INFOPLIST_FILE = BahOuaisMorrayTests/Info.plist;
				LD_RUNPATH_SEARCH_PATHS = "$(inherited) @executable_path/Frameworks @loader_path/Frameworks";
				PRODUCT_NAME = "$(TARGET_NAME)";
				TEST_HOST = "$(BUILT_PRODUCTS_DIR)/BahOuaisMorray.app/BahOuaisMorray";
			};
			name = Release;
		};
/* End XCBuildConfiguration section */

/* Begin XCConfigurationList section */
		37B8FBEF19F285D600BA56B3 /* Build configuration list for PBXProject "BahOuaisMorray" */ = {
			isa = XCConfigurationList;
			buildConfigurations = (
				37B8FC1119F285D700BA56B3 /* Debug */,
				37B8FC1219F285D700BA56B3 /* Release */,
			);
			defaultConfigurationIsVisible = 0;
			defaultConfigurationName = Release;
		};
		37B8FC1319F285D700BA56B3 /* Build configuration list for PBXNativeTarget "BahOuaisMorray" */ = {
			isa = XCConfigurationList;
			buildConfigurations = (
				37B8FC1419F285D700BA56B3 /* Debug */,
				37B8FC1519F285D700BA56B3 /* Release */,
			);
			defaultConfigurationIsVisible = 0;
			defaultConfigurationName = Release;
		};
		37B8FC1619F285D700BA56B3 /* Build configuration list for PBXNativeTarget "BahOuaisMorrayTests" */ = {
			isa = XCConfigurationList;
			buildConfigurations = (
				37B8FC1719F285D700BA56B3 /* Debug */,
				37B8FC1819F285D700BA56B3 /* Release */,
			);
			defaultConfigurationIsVisible = 0;
			defaultConfigurationName = Release;
		};
/* End XCConfigurationList section */
	};
	rootObject = 37B8FBEC19F285D600BA56B3 /* Project object */;
}
